
Microsoft Visual Studio Solution File, Format Version 12.00
# Visual Studio Version 17
VisualStudioVersion = 17.7.34024.191
MinimumVisualStudioVersion = 10.0.40219.1
Project("{2150E333-8FDC-42A3-9474-1A3956D46DE8}") = "DesignStrategy", "DesignStrategy", "{336F4F79-6427-4AC8-BAE4-5B8C45747D28}"
EndProject
Project("{9A19103F-16F7-4668-BE54-9A1E7A4F7556}") = "Attacker", "Attacker\Attacker.csproj", "{F6F6B0B3-8DEE-4264-BF7D-F93E80E2C157}"
EndProject
Project("{2150E333-8FDC-42A3-9474-1A3956D46DE8}") = "DesignFactoryMethod", "DesignFactoryMethod", "{5B2DBD4B-5A3B-4224-A7A2-9D3E4F366CAC}"
EndProject
Project("{9A19103F-16F7-4668-BE54-9A1E7A4F7556}") = "FitnessClub", "FitnessClub\FitnessClub.csproj", "{8A2011F7-82DC-43AE-A1C5-DD66AAFBC0C7}"
EndProject
Project("{2150E333-8FDC-42A3-9474-1A3956D46DE8}") = "DesignBuilder", "DesignBuilder", "{0B6330D1-B22D-445A-A04C-8621B078FC76}"
EndProject
Global
	GlobalSection(SolutionConfigurationPlatforms) = preSolution
		Debug|Any CPU = Debug|Any CPU
		Release|Any CPU = Release|Any CPU
	EndGlobalSection
	GlobalSection(ProjectConfigurationPlatforms) = postSolution
		{F6F6B0B3-8DEE-4264-BF7D-F93E80E2C157}.Debug|Any CPU.ActiveCfg = Debug|Any CPU
		{F6F6B0B3-8DEE-4264-BF7D-F93E80E2C157}.Debug|Any CPU.Build.0 = Debug|Any CPU
		{F6F6B0B3-8DEE-4264-BF7D-F93E80E2C157}.Release|Any CPU.ActiveCfg = Release|Any CPU
		{F6F6B0B3-8DEE-4264-BF7D-F93E80E2C157}.Release|Any CPU.Build.0 = Release|Any CPU
		{8A2011F7-82DC-43AE-A1C5-DD66AAFBC0C7}.Debug|Any CPU.ActiveCfg = Debug|Any CPU
		{8A2011F7-82DC-43AE-A1C5-DD66AAFBC0C7}.Debug|Any CPU.Build.0 = Debug|Any CPU
		{8A2011F7-82DC-43AE-A1C5-DD66AAFBC0C7}.Release|Any CPU.ActiveCfg = Release|Any CPU
		{8A2011F7-82DC-43AE-A1C5-DD66AAFBC0C7}.Release|Any CPU.Build.0 = Release|Any CPU
	EndGlobalSection
	GlobalSection(SolutionProperties) = preSolution
		HideSolutionNode = FALSE
	EndGlobalSection
	GlobalSection(NestedProjects) = preSolution
		{F6F6B0B3-8DEE-4264-BF7D-F93E80E2C157} = {336F4F79-6427-4AC8-BAE4-5B8C45747D28}
		{8A2011F7-82DC-43AE-A1C5-DD66AAFBC0C7} = {5B2DBD4B-5A3B-4224-A7A2-9D3E4F366CAC}
	EndGlobalSection
	GlobalSection(ExtensibilityGlobals) = postSolution
		SolutionGuid = {20A01670-6672-4C40-8ED7-9E7F6CB97128}
	EndGlobalSection
EndGlobal
